
Microsoft Visual Studio Solution File, Format Version 12.00
# Visual Studio 15
VisualStudioVersion = 15.0.26228.9
MinimumVisualStudioVersion = 10.0.40219.1
Project("{FAE04EC0-301F-11D3-BF4B-00C04F79EFBC}") = "SignalRest", "SignalRest\SignalRest.csproj", "{A3C01E49-D74A-4302-AD4B-B5DC9C136922}"
EndProject
Project("{FAE04EC0-301F-11D3-BF4B-00C04F79EFBC}") = "SignalRest.TestServer", "SignalRest.TestServer\SignalRest.TestServer.csproj", "{09C5BC92-C76F-47AD-909C-52048C7DE886}"
EndProject
Global
	GlobalSection(SolutionConfigurationPlatforms) = preSolution
		Debug|Any CPU = Debug|Any CPU
		Release|Any CPU = Release|Any CPU
	EndGlobalSection
	GlobalSection(ProjectConfigurationPlatforms) = postSolution
		{A3C01E49-D74A-4302-AD4B-B5DC9C136922}.Debug|Any CPU.ActiveCfg = Debug|Any CPU
		{A3C01E49-D74A-4302-AD4B-B5DC9C136922}.Debug|Any CPU.Build.0 = Debug|Any CPU
		{A3C01E49-D74A-4302-AD4B-B5DC9C136922}.Release|Any CPU.ActiveCfg = Release|Any CPU
		{A3C01E49-D74A-4302-AD4B-B5DC9C136922}.Release|Any CPU.Build.0 = Release|Any CPU
		{09C5BC92-C76F-47AD-909C-52048C7DE886}.Debug|Any CPU.ActiveCfg = Debug|Any CPU
		{09C5BC92-C76F-47AD-909C-52048C7DE886}.Debug|Any CPU.Build.0 = Debug|Any CPU
		{09C5BC92-C76F-47AD-909C-52048C7DE886}.Release|Any CPU.ActiveCfg = Release|Any CPU
		{09C5BC92-C76F-47AD-909C-52048C7DE886}.Release|Any CPU.Build.0 = Release|Any CPU
	EndGlobalSection
	GlobalSection(SolutionProperties) = preSolution
		HideSolutionNode = FALSE
	EndGlobalSection
EndGlobal
