
Microsoft Visual Studio Solution File, Format Version 12.00
# Visual Studio 14
VisualStudioVersion = 14.0.25420.1
MinimumVisualStudioVersion = 10.0.40219.1
Project("{FAE04EC0-301F-11D3-BF4B-00C04F79EFBC}") = "SignalRest", "SignalRest\SignalRest.csproj", "{A3C01E49-D74A-4302-AD4B-B5DC9C136922}"
EndProject
Project("{2150E333-8FDC-42A3-9474-1A3956D46DE8}") = "nuspecs", "nuspecs", "{3E38A772-2654-43B5-9028-8712950380DA}"
	ProjectSection(SolutionItems) = preProject
		nuspecs\Epiforge.SignalRest.nuspec = nuspecs\Epiforge.SignalRest.nuspec
	EndProjectSection
EndProject
Global
	GlobalSection(SolutionConfigurationPlatforms) = preSolution
		Debug|Any CPU = Debug|Any CPU
		Release|Any CPU = Release|Any CPU
	EndGlobalSection
	GlobalSection(ProjectConfigurationPlatforms) = postSolution
		{A3C01E49-D74A-4302-AD4B-B5DC9C136922}.Debug|Any CPU.ActiveCfg = Debug|Any CPU
		{A3C01E49-D74A-4302-AD4B-B5DC9C136922}.Debug|Any CPU.Build.0 = Debug|Any CPU
		{A3C01E49-D74A-4302-AD4B-B5DC9C136922}.Release|Any CPU.ActiveCfg = Release|Any CPU
		{A3C01E49-D74A-4302-AD4B-B5DC9C136922}.Release|Any CPU.Build.0 = Release|Any CPU
	EndGlobalSection
	GlobalSection(SolutionProperties) = preSolution
		HideSolutionNode = FALSE
	EndGlobalSection
EndGlobal
